
Microsoft Visual Studio Solution File, Format Version 12.00
# Visual Studio 15
VisualStudioVersion = 15.0.27130.2036
MinimumVisualStudioVersion = 10.0.40219.1
Project("{FAE04EC0-301F-11D3-BF4B-00C04F79EFBC}") = "MVC5", "MVC5\MVC5.csproj", "{2936B73E-2B81-47BB-B4D6-3AE15A7C998B}"
EndProject
Project("{FAE04EC0-301F-11D3-BF4B-00C04F79EFBC}") = "NgCli", "NgCli\NgCli.csproj", "{62A0CE85-31F1-4310-9A34-A760784359D3}"
EndProject
Project("{FAE04EC0-301F-11D3-BF4B-00C04F79EFBC}") = "WebApi", "WebApi\WebApi.csproj", "{9FB6D504-BD74-4AFB-8EC6-66C8FE0023DE}"
EndProject
Global
	GlobalSection(SolutionConfigurationPlatforms) = preSolution
		Debug|Any CPU = Debug|Any CPU
		Release|Any CPU = Release|Any CPU
	EndGlobalSection
	GlobalSection(ProjectConfigurationPlatforms) = postSolution
		{2936B73E-2B81-47BB-B4D6-3AE15A7C998B}.Debug|Any CPU.ActiveCfg = Debug|Any CPU
		{2936B73E-2B81-47BB-B4D6-3AE15A7C998B}.Debug|Any CPU.Build.0 = Debug|Any CPU
		{2936B73E-2B81-47BB-B4D6-3AE15A7C998B}.Release|Any CPU.ActiveCfg = Release|Any CPU
		{2936B73E-2B81-47BB-B4D6-3AE15A7C998B}.Release|Any CPU.Build.0 = Release|Any CPU
		{62A0CE85-31F1-4310-9A34-A760784359D3}.Debug|Any CPU.ActiveCfg = Debug|Any CPU
		{62A0CE85-31F1-4310-9A34-A760784359D3}.Debug|Any CPU.Build.0 = Debug|Any CPU
		{62A0CE85-31F1-4310-9A34-A760784359D3}.Release|Any CPU.ActiveCfg = Release|Any CPU
		{62A0CE85-31F1-4310-9A34-A760784359D3}.Release|Any CPU.Build.0 = Release|Any CPU
		{9FB6D504-BD74-4AFB-8EC6-66C8FE0023DE}.Debug|Any CPU.ActiveCfg = Debug|Any CPU
		{9FB6D504-BD74-4AFB-8EC6-66C8FE0023DE}.Debug|Any CPU.Build.0 = Debug|Any CPU
		{9FB6D504-BD74-4AFB-8EC6-66C8FE0023DE}.Release|Any CPU.ActiveCfg = Release|Any CPU
		{9FB6D504-BD74-4AFB-8EC6-66C8FE0023DE}.Release|Any CPU.Build.0 = Release|Any CPU
	EndGlobalSection
	GlobalSection(SolutionProperties) = preSolution
		HideSolutionNode = FALSE
	EndGlobalSection
	GlobalSection(ExtensibilityGlobals) = postSolution
		SolutionGuid = {4076892E-C104-4FB1-8D8A-13C9041AF818}
	EndGlobalSection
EndGlobal
